
Microsoft Visual Studio Solution File, Format Version 12.00
# Visual Studio Version 17
VisualStudioVersion = 17.2.32526.322
MinimumVisualStudioVersion = 10.0.40219.1
Project("{FAE04EC0-301F-11D3-BF4B-00C04F79EFBC}") = "ConsoleAppDemo", "ConsoleAppDemo\ConsoleAppDemo.csproj", "{88546D6E-82CA-4E03-9F6F-8FF411A6F96D}"
EndProject
Project("{FAE04EC0-301F-11D3-BF4B-00C04F79EFBC}") = "ConsoleApp2", "ConsoleApp2\ConsoleApp2.csproj", "{2C921DA0-2083-4F92-B263-3EFA207DB8FC}"
EndProject
Project("{FAE04EC0-301F-11D3-BF4B-00C04F79EFBC}") = "WebApplicationDemo", "WebApplicationDemo\WebApplicationDemo.csproj", "{C195E153-4576-4412-88A3-B6C160BF813F}"
	ProjectSection(ProjectDependencies) = postProject
		{9F3F8CFF-608C-4385-A61E-C5FC02906EC5} = {9F3F8CFF-608C-4385-A61E-C5FC02906EC5}
	EndProjectSection
EndProject
Project("{FAE04EC0-301F-11D3-BF4B-00C04F79EFBC}") = "EntitiFrameWorkMigration", "EntitiFrameWorkMigration\EntitiFrameWorkMigration.csproj", "{BA528C78-E335-40F5-B65C-7F38E0D146C8}"
EndProject
Project("{FAE04EC0-301F-11D3-BF4B-00C04F79EFBC}") = "WebApplicationDemoMVC", "WebApplicationDemoMVC\WebApplicationDemoMVC.csproj", "{DA59FB81-8002-4D32-B276-4E9FCD12EF40}"
EndProject
Project("{FAE04EC0-301F-11D3-BF4B-00C04F79EFBC}") = "ConsoleAppMG", "ConsoleAppMG\ConsoleAppMG.csproj", "{317433AF-C332-4CB1-9B99-FDB6544FD96A}"
EndProject
Project("{FAE04EC0-301F-11D3-BF4B-00C04F79EFBC}") = "Lib.Common", "Lib.Common\Lib.Common.csproj", "{89C223B6-39E4-4BB9-85D2-BF3CF38AD9DA}"
EndProject
Project("{FAE04EC0-301F-11D3-BF4B-00C04F79EFBC}") = "WebApp_Demo", "WebApp_Demo\WebApp_Demo.csproj", "{887BE9BF-2278-4464-AF53-40D21061CEAD}"
EndProject
Project("{FAE04EC0-301F-11D3-BF4B-00C04F79EFBC}") = "ClassLibrary1123", "ClassLibrary1123\ClassLibrary1123.csproj", "{CC383342-C397-4AC5-BE1C-7113ABDE8861}"
EndProject
Project("{FAE04EC0-301F-11D3-BF4B-00C04F79EFBC}") = "WebAPI", "WebAPI\WebAPI.csproj", "{65EE0836-CB17-4CC7-B222-D29F83A77BBE}"
EndProject
Project("{FAE04EC0-301F-11D3-BF4B-00C04F79EFBC}") = "WcfServiceDemo", "WcfServiceDemo\WcfServiceDemo.csproj", "{9F3F8CFF-608C-4385-A61E-C5FC02906EC5}"
EndProject
Project("{FAE04EC0-301F-11D3-BF4B-00C04F79EFBC}") = "WebIdentity", "WebIdentity\WebIdentity.csproj", "{06C24674-7BCE-4389-AB35-6490FDEF9DE1}"
EndProject
Project("{FAE04EC0-301F-11D3-BF4B-00C04F79EFBC}") = "WebOwinApp", "WebOwinApp\WebOwinApp.csproj", "{8C4DCB28-EBD4-466E-B712-DFD2A6DB5849}"
EndProject
Project("{FAE04EC0-301F-11D3-BF4B-00C04F79EFBC}") = "ConsoleAppOwinDemo", "ConsoleAppOwinDemo\ConsoleAppOwinDemo.csproj", "{0B1FF448-22A3-4937-836B-711D090D79ED}"
EndProject
Global
	GlobalSection(SolutionConfigurationPlatforms) = preSolution
		Debug|Any CPU = Debug|Any CPU
		Release|Any CPU = Release|Any CPU
	EndGlobalSection
	GlobalSection(ProjectConfigurationPlatforms) = postSolution
		{88546D6E-82CA-4E03-9F6F-8FF411A6F96D}.Debug|Any CPU.ActiveCfg = Debug|Any CPU
		{88546D6E-82CA-4E03-9F6F-8FF411A6F96D}.Debug|Any CPU.Build.0 = Debug|Any CPU
		{88546D6E-82CA-4E03-9F6F-8FF411A6F96D}.Release|Any CPU.ActiveCfg = Release|Any CPU
		{88546D6E-82CA-4E03-9F6F-8FF411A6F96D}.Release|Any CPU.Build.0 = Release|Any CPU
		{2C921DA0-2083-4F92-B263-3EFA207DB8FC}.Debug|Any CPU.ActiveCfg = Debug|Any CPU
		{2C921DA0-2083-4F92-B263-3EFA207DB8FC}.Debug|Any CPU.Build.0 = Debug|Any CPU
		{2C921DA0-2083-4F92-B263-3EFA207DB8FC}.Release|Any CPU.ActiveCfg = Release|Any CPU
		{2C921DA0-2083-4F92-B263-3EFA207DB8FC}.Release|Any CPU.Build.0 = Release|Any CPU
		{C195E153-4576-4412-88A3-B6C160BF813F}.Debug|Any CPU.ActiveCfg = Debug|Any CPU
		{C195E153-4576-4412-88A3-B6C160BF813F}.Debug|Any CPU.Build.0 = Debug|Any CPU
		{C195E153-4576-4412-88A3-B6C160BF813F}.Release|Any CPU.ActiveCfg = Release|Any CPU
		{C195E153-4576-4412-88A3-B6C160BF813F}.Release|Any CPU.Build.0 = Release|Any CPU
		{BA528C78-E335-40F5-B65C-7F38E0D146C8}.Debug|Any CPU.ActiveCfg = Debug|Any CPU
		{BA528C78-E335-40F5-B65C-7F38E0D146C8}.Debug|Any CPU.Build.0 = Debug|Any CPU
		{BA528C78-E335-40F5-B65C-7F38E0D146C8}.Release|Any CPU.ActiveCfg = Release|Any CPU
		{BA528C78-E335-40F5-B65C-7F38E0D146C8}.Release|Any CPU.Build.0 = Release|Any CPU
		{DA59FB81-8002-4D32-B276-4E9FCD12EF40}.Debug|Any CPU.ActiveCfg = Debug|Any CPU
		{DA59FB81-8002-4D32-B276-4E9FCD12EF40}.Debug|Any CPU.Build.0 = Debug|Any CPU
		{DA59FB81-8002-4D32-B276-4E9FCD12EF40}.Release|Any CPU.ActiveCfg = Release|Any CPU
		{DA59FB81-8002-4D32-B276-4E9FCD12EF40}.Release|Any CPU.Build.0 = Release|Any CPU
		{317433AF-C332-4CB1-9B99-FDB6544FD96A}.Debug|Any CPU.ActiveCfg = Debug|Any CPU
		{317433AF-C332-4CB1-9B99-FDB6544FD96A}.Debug|Any CPU.Build.0 = Debug|Any CPU
		{317433AF-C332-4CB1-9B99-FDB6544FD96A}.Release|Any CPU.ActiveCfg = Release|Any CPU
		{317433AF-C332-4CB1-9B99-FDB6544FD96A}.Release|Any CPU.Build.0 = Release|Any CPU
		{89C223B6-39E4-4BB9-85D2-BF3CF38AD9DA}.Debug|Any CPU.ActiveCfg = Debug|Any CPU
		{89C223B6-39E4-4BB9-85D2-BF3CF38AD9DA}.Debug|Any CPU.Build.0 = Debug|Any CPU
		{89C223B6-39E4-4BB9-85D2-BF3CF38AD9DA}.Release|Any CPU.ActiveCfg = Release|Any CPU
		{89C223B6-39E4-4BB9-85D2-BF3CF38AD9DA}.Release|Any CPU.Build.0 = Release|Any CPU
		{887BE9BF-2278-4464-AF53-40D21061CEAD}.Debug|Any CPU.ActiveCfg = Debug|Any CPU
		{887BE9BF-2278-4464-AF53-40D21061CEAD}.Debug|Any CPU.Build.0 = Debug|Any CPU
		{887BE9BF-2278-4464-AF53-40D21061CEAD}.Release|Any CPU.ActiveCfg = Release|Any CPU
		{887BE9BF-2278-4464-AF53-40D21061CEAD}.Release|Any CPU.Build.0 = Release|Any CPU
		{CC383342-C397-4AC5-BE1C-7113ABDE8861}.Debug|Any CPU.ActiveCfg = Debug|Any CPU
		{CC383342-C397-4AC5-BE1C-7113ABDE8861}.Debug|Any CPU.Build.0 = Debug|Any CPU
		{CC383342-C397-4AC5-BE1C-7113ABDE8861}.Release|Any CPU.ActiveCfg = Release|Any CPU
		{CC383342-C397-4AC5-BE1C-7113ABDE8861}.Release|Any CPU.Build.0 = Release|Any CPU
		{65EE0836-CB17-4CC7-B222-D29F83A77BBE}.Debug|Any CPU.ActiveCfg = Debug|Any CPU
		{65EE0836-CB17-4CC7-B222-D29F83A77BBE}.Debug|Any CPU.Build.0 = Debug|Any CPU
		{65EE0836-CB17-4CC7-B222-D29F83A77BBE}.Release|Any CPU.ActiveCfg = Release|Any CPU
		{65EE0836-CB17-4CC7-B222-D29F83A77BBE}.Release|Any CPU.Build.0 = Release|Any CPU
		{9F3F8CFF-608C-4385-A61E-C5FC02906EC5}.Debug|Any CPU.ActiveCfg = Debug|Any CPU
		{9F3F8CFF-608C-4385-A61E-C5FC02906EC5}.Debug|Any CPU.Build.0 = Debug|Any CPU
		{9F3F8CFF-608C-4385-A61E-C5FC02906EC5}.Release|Any CPU.ActiveCfg = Release|Any CPU
		{9F3F8CFF-608C-4385-A61E-C5FC02906EC5}.Release|Any CPU.Build.0 = Release|Any CPU
		{06C24674-7BCE-4389-AB35-6490FDEF9DE1}.Debug|Any CPU.ActiveCfg = Debug|Any CPU
		{06C24674-7BCE-4389-AB35-6490FDEF9DE1}.Debug|Any CPU.Build.0 = Debug|Any CPU
		{06C24674-7BCE-4389-AB35-6490FDEF9DE1}.Release|Any CPU.ActiveCfg = Release|Any CPU
		{06C24674-7BCE-4389-AB35-6490FDEF9DE1}.Release|Any CPU.Build.0 = Release|Any CPU
		{8C4DCB28-EBD4-466E-B712-DFD2A6DB5849}.Debug|Any CPU.ActiveCfg = Debug|Any CPU
		{8C4DCB28-EBD4-466E-B712-DFD2A6DB5849}.Debug|Any CPU.Build.0 = Debug|Any CPU
		{8C4DCB28-EBD4-466E-B712-DFD2A6DB5849}.Release|Any CPU.ActiveCfg = Release|Any CPU
		{8C4DCB28-EBD4-466E-B712-DFD2A6DB5849}.Release|Any CPU.Build.0 = Release|Any CPU
		{0B1FF448-22A3-4937-836B-711D090D79ED}.Debug|Any CPU.ActiveCfg = Debug|Any CPU
		{0B1FF448-22A3-4937-836B-711D090D79ED}.Debug|Any CPU.Build.0 = Debug|Any CPU
		{0B1FF448-22A3-4937-836B-711D090D79ED}.Release|Any CPU.ActiveCfg = Release|Any CPU
		{0B1FF448-22A3-4937-836B-711D090D79ED}.Release|Any CPU.Build.0 = Release|Any CPU
	EndGlobalSection
	GlobalSection(SolutionProperties) = preSolution
		HideSolutionNode = FALSE
	EndGlobalSection
	GlobalSection(ExtensibilityGlobals) = postSolution
		SolutionGuid = {5A77C664-848D-44D2-8DDA-0C09171BB1A8}
	EndGlobalSection
EndGlobal
